// !$*UTF8*$!
{
	archiveVersion = 1;
	classes = {
	};
	objectVersion = 48;
	objects = {

/* Begin PBXBuildFile section */
		A969CDB9E6BAEFEEC2907029 /* libPods-Mi primer mapa.a in Frameworks */ = {isa = PBXBuildFile; fileRef = BE284CD1153AAA43A5422AF7 /* libPods-Mi primer mapa.a */; };
		BECEDC4B1F7C6A2E00F4B6B7 /* AppDelegate.m in Sources */ = {isa = PBXBuildFile; fileRef = BECEDC4A1F7C6A2E00F4B6B7 /* AppDelegate.m */; };
		BECEDC4E1F7C6A2E00F4B6B7 /* ViewController.m in Sources */ = {isa = PBXBuildFile; fileRef = BECEDC4D1F7C6A2E00F4B6B7 /* ViewController.m */; };
		BECEDC511F7C6A2E00F4B6B7 /* Main.storyboard in Resources */ = {isa = PBXBuildFile; fileRef = BECEDC4F1F7C6A2E00F4B6B7 /* Main.storyboard */; };
		BECEDC531F7C6A2E00F4B6B7 /* Assets.xcassets in Resources */ = {isa = PBXBuildFile; fileRef = BECEDC521F7C6A2E00F4B6B7 /* Assets.xcassets */; };
		BECEDC561F7C6A2E00F4B6B7 /* LaunchScreen.storyboard in Resources */ = {isa = PBXBuildFile; fileRef = BECEDC541F7C6A2E00F4B6B7 /* LaunchScreen.storyboard */; };
		BECEDC591F7C6A2E00F4B6B7 /* main.m in Sources */ = {isa = PBXBuildFile; fileRef = BECEDC581F7C6A2E00F4B6B7 /* main.m */; };
		BECEDC621F7C6C8200F4B6B7 /* Podfile in Resources */ = {isa = PBXBuildFile; fileRef = BECEDC611F7C6C8200F4B6B7 /* Podfile */; };
		BEEF08AB1F7C7D9A0073167D /* .gitignore in Resources */ = {isa = PBXBuildFile; fileRef = BEEF08AA1F7C7D9A0073167D /* .gitignore */; };
/* End PBXBuildFile section */

/* Begin PBXFileReference section */
		5906D60614CBB5466C2A9A30 /* Pods-Mi primer mapa.release.xcconfig */ = {isa = PBXFileReference; includeInIndex = 1; lastKnownFileType = text.xcconfig; name = "Pods-Mi primer mapa.release.xcconfig"; path = "Pods/Target Support Files/Pods-Mi primer mapa/Pods-Mi primer mapa.release.xcconfig"; sourceTree = "<group>"; };
		B57EF20C3BF9CB89B738A089 /* Pods-Mi primer mapa.debug.xcconfig */ = {isa = PBXFileReference; includeInIndex = 1; lastKnownFileType = text.xcconfig; name = "Pods-Mi primer mapa.debug.xcconfig"; path = "Pods/Target Support Files/Pods-Mi primer mapa/Pods-Mi primer mapa.debug.xcconfig"; sourceTree = "<group>"; };
		BE284CD1153AAA43A5422AF7 /* libPods-Mi primer mapa.a */ = {isa = PBXFileReference; explicitFileType = archive.ar; includeInIndex = 0; path = "libPods-Mi primer mapa.a"; sourceTree = BUILT_PRODUCTS_DIR; };
		BECEDC461F7C6A2E00F4B6B7 /* Mi primer mapa.app */ = {isa = PBXFileReference; explicitFileType = wrapper.application; includeInIndex = 0; path = "Mi primer mapa.app"; sourceTree = BUILT_PRODUCTS_DIR; };
		BECEDC491F7C6A2E00F4B6B7 /* AppDelegate.h */ = {isa = PBXFileReference; lastKnownFileType = sourcecode.c.h; path = AppDelegate.h; sourceTree = "<group>"; };
		BECEDC4A1F7C6A2E00F4B6B7 /* AppDelegate.m */ = {isa = PBXFileReference; lastKnownFileType = sourcecode.c.objc; path = AppDelegate.m; sourceTree = "<group>"; };
		BECEDC4C1F7C6A2E00F4B6B7 /* ViewController.h */ = {isa = PBXFileReference; lastKnownFileType = sourcecode.c.h; path = ViewController.h; sourceTree = "<group>"; };
		BECEDC4D1F7C6A2E00F4B6B7 /* ViewController.m */ = {isa = PBXFileReference; lastKnownFileType = sourcecode.c.objc; path = ViewController.m; sourceTree = "<group>"; };
		BECEDC501F7C6A2E00F4B6B7 /* Base */ = {isa = PBXFileReference; lastKnownFileType = file.storyboard; name = Base; path = Base.lproj/Main.storyboard; sourceTree = "<group>"; };
		BECEDC521F7C6A2E00F4B6B7 /* Assets.xcassets */ = {isa = PBXFileReference; lastKnownFileType = folder.assetcatalog; path = Assets.xcassets; sourceTree = "<group>"; };
		BECEDC551F7C6A2E00F4B6B7 /* Base */ = {isa = PBXFileReference; lastKnownFileType = file.storyboard; name = Base; path = Base.lproj/LaunchScreen.storyboard; sourceTree = "<group>"; };
		BECEDC571F7C6A2E00F4B6B7 /* Info.plist */ = {isa = PBXFileReference; lastKnownFileType = text.plist.xml; path = Info.plist; sourceTree = "<group>"; };
		BECEDC581F7C6A2E00F4B6B7 /* main.m */ = {isa = PBXFileReference; lastKnownFileType = sourcecode.c.objc; path = main.m; sourceTree = "<group>"; };
		BECEDC611F7C6C8200F4B6B7 /* Podfile */ = {isa = PBXFileReference; lastKnownFileType = text; path = Podfile; sourceTree = "<group>"; };
		BEEF08AA1F7C7D9A0073167D /* .gitignore */ = {isa = PBXFileReference; lastKnownFileType = text; path = .gitignore; sourceTree = "<group>"; };
/* End PBXFileReference section */

/* Begin PBXFrameworksBuildPhase section */
		BECEDC431F7C6A2E00F4B6B7 /* Frameworks */ = {
			isa = PBXFrameworksBuildPhase;
			buildActionMask = 2147483647;
			files = (
				A969CDB9E6BAEFEEC2907029 /* libPods-Mi primer mapa.a in Frameworks */,
			);
			runOnlyForDeploymentPostprocessing = 0;
		};
/* End PBXFrameworksBuildPhase section */

/* Begin PBXGroup section */
		3F2B3C32E45E03F1FCE9DB2F /* Pods */ = {
			isa = PBXGroup;
			children = (
				B57EF20C3BF9CB89B738A089 /* Pods-Mi primer mapa.debug.xcconfig */,
				5906D60614CBB5466C2A9A30 /* Pods-Mi primer mapa.release.xcconfig */,
			);
			name = Pods;
			sourceTree = "<group>";
		};
		778C934A2BD15A1F32A5F33C /* Frameworks */ = {
			isa = PBXGroup;
			children = (
				BE284CD1153AAA43A5422AF7 /* libPods-Mi primer mapa.a */,
			);
			name = Frameworks;
			sourceTree = "<group>";
		};
		BECEDC3D1F7C6A2E00F4B6B7 = {
			isa = PBXGroup;
			children = (
				BEEF08AA1F7C7D9A0073167D /* .gitignore */,
				BECEDC611F7C6C8200F4B6B7 /* Podfile */,
				BECEDC481F7C6A2E00F4B6B7 /* Mi primer mapa */,
				BECEDC471F7C6A2E00F4B6B7 /* Products */,
				3F2B3C32E45E03F1FCE9DB2F /* Pods */,
				778C934A2BD15A1F32A5F33C /* Frameworks */,
			);
			sourceTree = "<group>";
		};
		BECEDC471F7C6A2E00F4B6B7 /* Products */ = {
			isa = PBXGroup;
			children = (
				BECEDC461F7C6A2E00F4B6B7 /* Mi primer mapa.app */,
			);
			name = Products;
			sourceTree = "<group>";
		};
		BECEDC481F7C6A2E00F4B6B7 /* Mi primer mapa */ = {
			isa = PBXGroup;
			children = (
				BECEDC601F7C6A4100F4B6B7 /* Controllers */,
				BECEDC5F1F7C6A3800F4B6B7 /* Main */,
				BECEDC4F1F7C6A2E00F4B6B7 /* Main.storyboard */,
				BECEDC521F7C6A2E00F4B6B7 /* Assets.xcassets */,
				BECEDC541F7C6A2E00F4B6B7 /* LaunchScreen.storyboard */,
				BECEDC571F7C6A2E00F4B6B7 /* Info.plist */,
				BECEDC581F7C6A2E00F4B6B7 /* main.m */,
			);
			path = "Mi primer mapa";
			sourceTree = "<group>";
		};
		BECEDC5F1F7C6A3800F4B6B7 /* Main */ = {
			isa = PBXGroup;
			children = (
				BECEDC491F7C6A2E00F4B6B7 /* AppDelegate.h */,
				BECEDC4A1F7C6A2E00F4B6B7 /* AppDelegate.m */,
			);
			path = Main;
			sourceTree = "<group>";
		};
		BECEDC601F7C6A4100F4B6B7 /* Controllers */ = {
			isa = PBXGroup;
			children = (
				BECEDC4C1F7C6A2E00F4B6B7 /* ViewController.h */,
				BECEDC4D1F7C6A2E00F4B6B7 /* ViewController.m */,
			);
			path = Controllers;
			sourceTree = "<group>";
		};
/* End PBXGroup section */

/* Begin PBXNativeTarget section */
		BECEDC451F7C6A2E00F4B6B7 /* Mi primer mapa */ = {
			isa = PBXNativeTarget;
			buildConfigurationList = BECEDC5C1F7C6A2E00F4B6B7 /* Build configuration list for PBXNativeTarget "Mi primer mapa" */;
			buildPhases = (
				056B44A029D042973D68C04B /* [CP] Check Pods Manifest.lock */,
				BECEDC421F7C6A2E00F4B6B7 /* Sources */,
				BECEDC431F7C6A2E00F4B6B7 /* Frameworks */,
				BECEDC441F7C6A2E00F4B6B7 /* Resources */,
				C90AEFEAE3A23F85F09564D6 /* [CP] Embed Pods Frameworks */,
				23FAA293CD517474996CFE94 /* [CP] Copy Pods Resources */,
			);
			buildRules = (
			);
			dependencies = (
			);
			name = "Mi primer mapa";
			productName = "Mi primer mapa";
			productReference = BECEDC461F7C6A2E00F4B6B7 /* Mi primer mapa.app */;
			productType = "com.apple.product-type.application";
		};
/* End PBXNativeTarget section */

/* Begin PBXProject section */
		BECEDC3E1F7C6A2E00F4B6B7 /* Project object */ = {
			isa = PBXProject;
			attributes = {
				LastUpgradeCheck = 0900;
				ORGANIZATIONNAME = UAG;
				TargetAttributes = {
					BECEDC451F7C6A2E00F4B6B7 = {
						CreatedOnToolsVersion = 9.0;
						ProvisioningStyle = Automatic;
					};
				};
			};
			buildConfigurationList = BECEDC411F7C6A2E00F4B6B7 /* Build configuration list for PBXProject "Mi primer mapa" */;
			compatibilityVersion = "Xcode 8.0";
			developmentRegion = en;
			hasScannedForEncodings = 0;
			knownRegions = (
				en,
				Base,
			);
			mainGroup = BECEDC3D1F7C6A2E00F4B6B7;
			productRefGroup = BECEDC471F7C6A2E00F4B6B7 /* Products */;
			projectDirPath = "";
			projectRoot = "";
			targets = (
				BECEDC451F7C6A2E00F4B6B7 /* Mi primer mapa */,
			);
		};
/* End PBXProject section */

/* Begin PBXResourcesBuildPhase section */
		BECEDC441F7C6A2E00F4B6B7 /* Resources */ = {
			isa = PBXResourcesBuildPhase;
			buildActionMask = 2147483647;
			files = (
				BEEF08AB1F7C7D9A0073167D /* .gitignore in Resources */,
				BECEDC621F7C6C8200F4B6B7 /* Podfile in Resources */,
				BECEDC561F7C6A2E00F4B6B7 /* LaunchScreen.storyboard in Resources */,
				BECEDC531F7C6A2E00F4B6B7 /* Assets.xcassets in Resources */,
				BECEDC511F7C6A2E00F4B6B7 /* Main.storyboard in Resources */,
			);
			runOnlyForDeploymentPostprocessing = 0;
		};
/* End PBXResourcesBuildPhase section */

/* Begin PBXShellScriptBuildPhase section */
		056B44A029D042973D68C04B /* [CP] Check Pods Manifest.lock */ = {
			isa = PBXShellScriptBuildPhase;
			buildActionMask = 2147483647;
			files = (
			);
			inputPaths = (
				"${PODS_PODFILE_DIR_PATH}/Podfile.lock",
				"${PODS_ROOT}/Manifest.lock",
			);
			name = "[CP] Check Pods Manifest.lock";
			outputPaths = (
				"$(DERIVED_FILE_DIR)/Pods-Mi primer mapa-checkManifestLockResult.txt",
			);
			runOnlyForDeploymentPostprocessing = 0;
			shellPath = /bin/sh;
			shellScript = "diff \"${PODS_PODFILE_DIR_PATH}/Podfile.lock\" \"${PODS_ROOT}/Manifest.lock\" > /dev/null\nif [ $? != 0 ] ; then\n    # print error to STDERR\n    echo \"error: The sandbox is not in sync with the Podfile.lock. Run 'pod install' or update your CocoaPods installation.\" >&2\n    exit 1\nfi\n# This output is used by Xcode 'outputs' to avoid re-running this script phase.\necho \"SUCCESS\" > \"${SCRIPT_OUTPUT_FILE_0}\"\n";
			showEnvVarsInLog = 0;
		};
		23FAA293CD517474996CFE94 /* [CP] Copy Pods Resources */ = {
			isa = PBXShellScriptBuildPhase;
			buildActionMask = 2147483647;
			files = (
			);
			inputPaths = (
				"${SRCROOT}/Pods/Target Support Files/Pods-Mi primer mapa/Pods-Mi primer mapa-resources.sh",
				"${PODS_ROOT}/GoogleMaps/Maps/Frameworks/GoogleMaps.framework/Resources/GoogleMaps.bundle",
				"${PODS_ROOT}/GooglePlaces/Frameworks/GooglePlaces.framework/Resources/GooglePlaces.bundle",
			);
			name = "[CP] Copy Pods Resources";
			outputPaths = (
				"${TARGET_BUILD_DIR}/${UNLOCALIZED_RESOURCES_FOLDER_PATH}",
			);
			runOnlyForDeploymentPostprocessing = 0;
			shellPath = /bin/sh;
			shellScript = "\"${SRCROOT}/Pods/Target Support Files/Pods-Mi primer mapa/Pods-Mi primer mapa-resources.sh\"\n";
			showEnvVarsInLog = 0;
		};
		C90AEFEAE3A23F85F09564D6 /* [CP] Embed Pods Frameworks */ = {
			isa = PBXShellScriptBuildPhase;
			buildActionMask = 2147483647;
			files = (
			);
			inputPaths = (
			);
			name = "[CP] Embed Pods Frameworks";
			outputPaths = (
			);
			runOnlyForDeploymentPostprocessing = 0;
			shellPath = /bin/sh;
			shellScript = "\"${SRCROOT}/Pods/Target Support Files/Pods-Mi primer mapa/Pods-Mi primer mapa-frameworks.sh\"\n";
			showEnvVarsInLog = 0;
		};
/* End PBXShellScriptBuildPhase section */

/* Begin PBXSourcesBuildPhase section */
		BECEDC421F7C6A2E00F4B6B7 /* Sources */ = {
			isa = PBXSourcesBuildPhase;
			buildActionMask = 2147483647;
			files = (
				BECEDC4E1F7C6A2E00F4B6B7 /* ViewController.m in Sources */,
				BECEDC591F7C6A2E00F4B6B7 /* main.m in Sources */,
				BECEDC4B1F7C6A2E00F4B6B7 /* AppDelegate.m in Sources */,
			);
			runOnlyForDeploymentPostprocessing = 0;
		};
/* End PBXSourcesBuildPhase section */

/* Begin PBXVariantGroup section */
		BECEDC4F1F7C6A2E00F4B6B7 /* Main.storyboard */ = {
			isa = PBXVariantGroup;
			children = (
				BECEDC501F7C6A2E00F4B6B7 /* Base */,
			);
			name = Main.storyboard;
			sourceTree = "<group>";
		};
		BECEDC541F7C6A2E00F4B6B7 /* LaunchScreen.storyboard */ = {
			isa = PBXVariantGroup;
			children = (
				BECEDC551F7C6A2E00F4B6B7 /* Base */,
			);
			name = LaunchScreen.storyboard;
			sourceTree = "<group>";
		};
/* End PBXVariantGroup section */

/* Begin XCBuildConfiguration section */
		BECEDC5A1F7C6A2E00F4B6B7 /* Debug */ = {
			isa = XCBuildConfiguration;
			buildSettings = {
				ALWAYS_SEARCH_USER_PATHS = NO;
				CLANG_ANALYZER_NONNULL = YES;
				CLANG_ANALYZER_NUMBER_OBJECT_CONVERSION = YES_AGGRESSIVE;
				CLANG_CXX_LANGUAGE_STANDARD = "gnu++14";
				CLANG_CXX_LIBRARY = "libc++";
				CLANG_ENABLE_MODULES = YES;
				CLANG_ENABLE_OBJC_ARC = YES;
				CLANG_WARN_BLOCK_CAPTURE_AUTORELEASING = YES;
				CLANG_WARN_BOOL_CONVERSION = YES;
				CLANG_WARN_COMMA = YES;
				CLANG_WARN_CONSTANT_CONVERSION = YES;
				CLANG_WARN_DIRECT_OBJC_ISA_USAGE = YES_ERROR;
				CLANG_WARN_DOCUMENTATION_COMMENTS = YES;
				CLANG_WARN_EMPTY_BODY = YES;
				CLANG_WARN_ENUM_CONVERSION = YES;
				CLANG_WARN_INFINITE_RECURSION = YES;
				CLANG_WARN_INT_CONVERSION = YES;
				CLANG_WARN_NON_LITERAL_NULL_CONVERSION = YES;
				CLANG_WARN_OBJC_LITERAL_CONVERSION = YES;
				CLANG_WARN_OBJC_ROOT_CLASS = YES_ERROR;
				CLANG_WARN_RANGE_LOOP_ANALYSIS = YES;
				CLANG_WARN_STRICT_PROTOTYPES = YES;
				CLANG_WARN_SUSPICIOUS_MOVE = YES;
				CLANG_WARN_UNGUARDED_AVAILABILITY = YES_AGGRESSIVE;
				CLANG_WARN_UNREACHABLE_CODE = YES;
				CLANG_WARN__DUPLICATE_METHOD_MATCH = YES;
				CODE_SIGN_IDENTITY = "iPhone Developer";
				COPY_PHASE_STRIP = NO;
				DEBUG_INFORMATION_FORMAT = dwarf;
				ENABLE_STRICT_OBJC_MSGSEND = YES;
				ENABLE_TESTABILITY = YES;
				GCC_C_LANGUAGE_STANDARD = gnu11;
				GCC_DYNAMIC_NO_PIC = NO;
				GCC_NO_COMMON_BLOCKS = YES;
				GCC_OPTIMIZATION_LEVEL = 0;
				GCC_PREPROCESSOR_DEFINITIONS = (
					"DEBUG=1",
					"$(inherited)",
				);
				GCC_WARN_64_TO_32_BIT_CONVERSION = YES;
				GCC_WARN_ABOUT_RETURN_TYPE = YES_ERROR;
				GCC_WARN_UNDECLARED_SELECTOR = YES;
				GCC_WARN_UNINITIALIZED_AUTOS = YES_AGGRESSIVE;
				GCC_WARN_UNUSED_FUNCTION = YES;
				GCC_WARN_UNUSED_VARIABLE = YES;
				IPHONEOS_DEPLOYMENT_TARGET = 11.0;
				MTL_ENABLE_DEBUG_INFO = YES;
				ONLY_ACTIVE_ARCH = YES;
				SDKROOT = iphoneos;
			};
			name = Debug;
		};
		BECEDC5B1F7C6A2E00F4B6B7 /* Release */ = {
			isa = XCBuildConfiguration;
			buildSettings = {
				ALWAYS_SEARCH_USER_PATHS = NO;
				CLANG_ANALYZER_NONNULL = YES;
				CLANG_ANALYZER_NUMBER_OBJECT_CONVERSION = YES_AGGRESSIVE;
				CLANG_CXX_LANGUAGE_STANDARD = "gnu++14";
				CLANG_CXX_LIBRARY = "libc++";
				CLANG_ENABLE_MODULES = YES;
				CLANG_ENABLE_OBJC_ARC = YES;
				CLANG_WARN_BLOCK_CAPTURE_AUTORELEASING = YES;
				CLANG_WARN_BOOL_CONVERSION = YES;
				CLANG_WARN_COMMA = YES;
				CLANG_WARN_CONSTANT_CONVERSION = YES;
				CLANG_WARN_DIRECT_OBJC_ISA_USAGE = YES_ERROR;
				CLANG_WARN_DOCUMENTATION_COMMENTS = YES;
				CLANG_WARN_EMPTY_BODY = YES;
				CLANG_WARN_ENUM_CONVERSION = YES;
				CLANG_WARN_INFINITE_RECURSION = YES;
				CLANG_WARN_INT_CONVERSION = YES;
				CLANG_WARN_NON_LITERAL_NULL_CONVERSION = YES;
				CLANG_WARN_OBJC_LITERAL_CONVERSION = YES;
				CLANG_WARN_OBJC_ROOT_CLASS = YES_ERROR;
				CLANG_WARN_RANGE_LOOP_ANALYSIS = YES;
				CLANG_WARN_STRICT_PROTOTYPES = YES;
				CLANG_WARN_SUSPICIOUS_MOVE = YES;
				CLANG_WARN_UNGUARDED_AVAILABILITY = YES_AGGRESSIVE;
				CLANG_WARN_UNREACHABLE_CODE = YES;
				CLANG_WARN__DUPLICATE_METHOD_MATCH = YES;
				CODE_SIGN_IDENTITY = "iPhone Developer";
				COPY_PHASE_STRIP = NO;
				DEBUG_INFORMATION_FORMAT = "dwarf-with-dsym";
				ENABLE_NS_ASSERTIONS = NO;
				ENABLE_STRICT_OBJC_MSGSEND = YES;
				GCC_C_LANGUAGE_STANDARD = gnu11;
				GCC_NO_COMMON_BLOCKS = YES;
				GCC_WARN_64_TO_32_BIT_CONVERSION = YES;
				GCC_WARN_ABOUT_RETURN_TYPE = YES_ERROR;
				GCC_WARN_UNDECLARED_SELECTOR = YES;
				GCC_WARN_UNINITIALIZED_AUTOS = YES_AGGRESSIVE;
				GCC_WARN_UNUSED_FUNCTION = YES;
				GCC_WARN_UNUSED_VARIABLE = YES;
				IPHONEOS_DEPLOYMENT_TARGET = 11.0;
				MTL_ENABLE_DEBUG_INFO = NO;
				SDKROOT = iphoneos;
				VALIDATE_PRODUCT = YES;
			};
			name = Release;
		};
		BECEDC5D1F7C6A2E00F4B6B7 /* Debug */ = {
			isa = XCBuildConfiguration;
			baseConfigurationReference = B57EF20C3BF9CB89B738A089 /* Pods-Mi primer mapa.debug.xcconfig */;
			buildSettings = {
				ASSETCATALOG_COMPILER_APPICON_NAME = AppIcon;
				CODE_SIGN_STYLE = Automatic;
				INFOPLIST_FILE = "Mi primer mapa/Info.plist";
				LD_RUNPATH_SEARCH_PATHS = "$(inherited) @executable_path/Frameworks";
				PRODUCT_BUNDLE_IDENTIFIER = "com.uag.Mi-primer-mapa";
				PRODUCT_NAME = "$(TARGET_NAME)";
				TARGETED_DEVICE_FAMILY = 1;
			};
			name = Debug;
		};
		BECEDC5E1F7C6A2E00F4B6B7 /* Release */ = {
			isa = XCBuildConfiguration;
			baseConfigurationReference = 5906D60614CBB5466C2A9A30 /* Pods-Mi primer mapa.release.xcconfig */;
			buildSettings = {
				ASSETCATALOG_COMPILER_APPICON_NAME = AppIcon;
				CODE_SIGN_STYLE = Automatic;
				INFOPLIST_FILE = "Mi primer mapa/Info.plist";
				LD_RUNPATH_SEARCH_PATHS = "$(inherited) @executable_path/Frameworks";
				PRODUCT_BUNDLE_IDENTIFIER = "com.uag.Mi-primer-mapa";
				PRODUCT_NAME = "$(TARGET_NAME)";
				TARGETED_DEVICE_FAMILY = 1;
			};
			name = Release;
		};
/* End XCBuildConfiguration section */

/* Begin XCConfigurationList section */
		BECEDC411F7C6A2E00F4B6B7 /* Build configuration list for PBXProject "Mi primer mapa" */ = {
			isa = XCConfigurationList;
			buildConfigurations = (
				BECEDC5A1F7C6A2E00F4B6B7 /* Debug */,
				BECEDC5B1F7C6A2E00F4B6B7 /* Release */,
			);
			defaultConfigurationIsVisible = 0;
			defaultConfigurationName = Release;
		};
		BECEDC5C1F7C6A2E00F4B6B7 /* Build configuration list for PBXNativeTarget "Mi primer mapa" */ = {
			isa = XCConfigurationList;
			buildConfigurations = (
				BECEDC5D1F7C6A2E00F4B6B7 /* Debug */,
				BECEDC5E1F7C6A2E00F4B6B7 /* Release */,
			);
			defaultConfigurationIsVisible = 0;
			defaultConfigurationName = Release;
		};
/* End XCConfigurationList section */
	};
	rootObject = BECEDC3E1F7C6A2E00F4B6B7 /* Project object */;
}
